// !$*UTF8*$!
{
	archiveVersion = 1;
	classes = {
	};
	objectVersion = 55;
	objects = {

/* Begin PBXBuildFile section */
		6DA4BFD8277EF74900F61ECC /* AppDelegate.swift in Sources */ = {isa = PBXBuildFile; fileRef = 6DA4BFD7277EF74900F61ECC /* AppDelegate.swift */; };
		6DA4BFDA277EF74900F61ECC /* SceneDelegate.swift in Sources */ = {isa = PBXBuildFile; fileRef = 6DA4BFD9277EF74900F61ECC /* SceneDelegate.swift */; };
		6DA4BFDC277EF74900F61ECC /* ViewController.swift in Sources */ = {isa = PBXBuildFile; fileRef = 6DA4BFDB277EF74900F61ECC /* ViewController.swift */; };
		6DA4BFDF277EF74900F61ECC /* Main.storyboard in Resources */ = {isa = PBXBuildFile; fileRef = 6DA4BFDD277EF74900F61ECC /* Main.storyboard */; };
		6DA4BFE1277EF74B00F61ECC /* Assets.xcassets in Resources */ = {isa = PBXBuildFile; fileRef = 6DA4BFE0277EF74B00F61ECC /* Assets.xcassets */; };
		6DA4BFE4277EF74B00F61ECC /* LaunchScreen.storyboard in Resources */ = {isa = PBXBuildFile; fileRef = 6DA4BFE2277EF74B00F61ECC /* LaunchScreen.storyboard */; };
		AA079C30E0FC3A1A002E8AEA /* Pods_RxSwiftLearnDemo.framework in Frameworks */ = {isa = PBXBuildFile; fileRef = A11D5E42E951BF661F6597C8 /* Pods_RxSwiftLearnDemo.framework */; };
/* End PBXBuildFile section */

/* Begin PBXFileReference section */
		678083CE65FFDAED4C817AC2 /* Pods-RxSwiftLearnDemo.release.xcconfig */ = {isa = PBXFileReference; includeInIndex = 1; lastKnownFileType = text.xcconfig; name = "Pods-RxSwiftLearnDemo.release.xcconfig"; path = "Target Support Files/Pods-RxSwiftLearnDemo/Pods-RxSwiftLearnDemo.release.xcconfig"; sourceTree = "<group>"; };
		6DA4BFD4277EF74900F61ECC /* RxSwiftLearnDemo.app */ = {isa = PBXFileReference; explicitFileType = wrapper.application; includeInIndex = 0; path = RxSwiftLearnDemo.app; sourceTree = BUILT_PRODUCTS_DIR; };
		6DA4BFD7277EF74900F61ECC /* AppDelegate.swift */ = {isa = PBXFileReference; lastKnownFileType = sourcecode.swift; path = AppDelegate.swift; sourceTree = "<group>"; };
		6DA4BFD9277EF74900F61ECC /* SceneDelegate.swift */ = {isa = PBXFileReference; lastKnownFileType = sourcecode.swift; path = SceneDelegate.swift; sourceTree = "<group>"; };
		6DA4BFDB277EF74900F61ECC /* ViewController.swift */ = {isa = PBXFileReference; lastKnownFileType = sourcecode.swift; path = ViewController.swift; sourceTree = "<group>"; };
		6DA4BFDE277EF74900F61ECC /* Base */ = {isa = PBXFileReference; lastKnownFileType = file.storyboard; name = Base; path = Base.lproj/Main.storyboard; sourceTree = "<group>"; };
		6DA4BFE0277EF74B00F61ECC /* Assets.xcassets */ = {isa = PBXFileReference; lastKnownFileType = folder.assetcatalog; path = Assets.xcassets; sourceTree = "<group>"; };
		6DA4BFE3277EF74B00F61ECC /* Base */ = {isa = PBXFileReference; lastKnownFileType = file.storyboard; name = Base; path = Base.lproj/LaunchScreen.storyboard; sourceTree = "<group>"; };
		6DA4BFE5277EF74B00F61ECC /* Info.plist */ = {isa = PBXFileReference; lastKnownFileType = text.plist.xml; path = Info.plist; sourceTree = "<group>"; };
		947E37F84E028C4B8BB0454D /* Pods-RxSwiftLearnDemo.debug.xcconfig */ = {isa = PBXFileReference; includeInIndex = 1; lastKnownFileType = text.xcconfig; name = "Pods-RxSwiftLearnDemo.debug.xcconfig"; path = "Target Support Files/Pods-RxSwiftLearnDemo/Pods-RxSwiftLearnDemo.debug.xcconfig"; sourceTree = "<group>"; };
		A11D5E42E951BF661F6597C8 /* Pods_RxSwiftLearnDemo.framework */ = {isa = PBXFileReference; explicitFileType = wrapper.framework; includeInIndex = 0; path = Pods_RxSwiftLearnDemo.framework; sourceTree = BUILT_PRODUCTS_DIR; };
/* End PBXFileReference section */

/* Begin PBXFrameworksBuildPhase section */
		6DA4BFD1277EF74900F61ECC /* Frameworks */ = {
			isa = PBXFrameworksBuildPhase;
			buildActionMask = 2147483647;
			files = (
				AA079C30E0FC3A1A002E8AEA /* Pods_RxSwiftLearnDemo.framework in Frameworks */,
			);
			runOnlyForDeploymentPostprocessing = 0;
		};
/* End PBXFrameworksBuildPhase section */

/* Begin PBXGroup section */
		6DA4BFCB277EF74800F61ECC = {
			isa = PBXGroup;
			children = (
				6DA4BFD6277EF74900F61ECC /* RxSwiftLearnDemo */,
				6DA4BFD5277EF74900F61ECC /* Products */,
				E510C6BECCE26314558B2708 /* Pods */,
				E297C7172A66C75C59F53701 /* Frameworks */,
			);
			sourceTree = "<group>";
		};
		6DA4BFD5277EF74900F61ECC /* Products */ = {
			isa = PBXGroup;
			children = (
				6DA4BFD4277EF74900F61ECC /* RxSwiftLearnDemo.app */,
			);
			name = Products;
			sourceTree = "<group>";
		};
		6DA4BFD6277EF74900F61ECC /* RxSwiftLearnDemo */ = {
			isa = PBXGroup;
			children = (
				6DA4BFD7277EF74900F61ECC /* AppDelegate.swift */,
				6DA4BFD9277EF74900F61ECC /* SceneDelegate.swift */,
				6DA4BFDB277EF74900F61ECC /* ViewController.swift */,
				6DA4BFDD277EF74900F61ECC /* Main.storyboard */,
				6DA4BFE0277EF74B00F61ECC /* Assets.xcassets */,
				6DA4BFE2277EF74B00F61ECC /* LaunchScreen.storyboard */,
				6DA4BFE5277EF74B00F61ECC /* Info.plist */,
			);
			path = RxSwiftLearnDemo;
			sourceTree = "<group>";
		};
		E297C7172A66C75C59F53701 /* Frameworks */ = {
			isa = PBXGroup;
			children = (
				A11D5E42E951BF661F6597C8 /* Pods_RxSwiftLearnDemo.framework */,
			);
			name = Frameworks;
			sourceTree = "<group>";
		};
		E510C6BECCE26314558B2708 /* Pods */ = {
			isa = PBXGroup;
			children = (
				947E37F84E028C4B8BB0454D /* Pods-RxSwiftLearnDemo.debug.xcconfig */,
				678083CE65FFDAED4C817AC2 /* Pods-RxSwiftLearnDemo.release.xcconfig */,
			);
			name = Pods;
			path = Pods;
			sourceTree = "<group>";
		};
/* End PBXGroup section */

/* Begin PBXNativeTarget section */
		6DA4BFD3277EF74900F61ECC /* RxSwiftLearnDemo */ = {
			isa = PBXNativeTarget;
			buildConfigurationList = 6DA4BFE8277EF74B00F61ECC /* Build configuration list for PBXNativeTarget "RxSwiftLearnDemo" */;
			buildPhases = (
				ABD042E75FC1D8FE02234712 /* [CP] Check Pods Manifest.lock */,
				6DA4BFD0277EF74900F61ECC /* Sources */,
				6DA4BFD1277EF74900F61ECC /* Frameworks */,
				6DA4BFD2277EF74900F61ECC /* Resources */,
				02761F760B37CA46DBE8ED8E /* [CP] Embed Pods Frameworks */,
			);
			buildRules = (
			);
			dependencies = (
			);
			name = RxSwiftLearnDemo;
			productName = RxSwiftLearnDemo;
			productReference = 6DA4BFD4277EF74900F61ECC /* RxSwiftLearnDemo.app */;
			productType = "com.apple.product-type.application";
		};
/* End PBXNativeTarget section */

/* Begin PBXProject section */
		6DA4BFCC277EF74800F61ECC /* Project object */ = {
			isa = PBXProject;
			attributes = {
				BuildIndependentTargetsInParallel = 1;
				LastSwiftUpdateCheck = 1310;
				LastUpgradeCheck = 1310;
				TargetAttributes = {
					6DA4BFD3277EF74900F61ECC = {
						CreatedOnToolsVersion = 13.1;
					};
				};
			};
			buildConfigurationList = 6DA4BFCF277EF74800F61ECC /* Build configuration list for PBXProject "RxSwiftLearnDemo" */;
			compatibilityVersion = "Xcode 13.0";
			developmentRegion = en;
			hasScannedForEncodings = 0;
			knownRegions = (
				en,
				Base,
			);
			mainGroup = 6DA4BFCB277EF74800F61ECC;
			productRefGroup = 6DA4BFD5277EF74900F61ECC /* Products */;
			projectDirPath = "";
			projectRoot = "";
			targets = (
				6DA4BFD3277EF74900F61ECC /* RxSwiftLearnDemo */,
			);
		};
/* End PBXProject section */

/* Begin PBXResourcesBuildPhase section */
		6DA4BFD2277EF74900F61ECC /* Resources */ = {
			isa = PBXResourcesBuildPhase;
			buildActionMask = 2147483647;
			files = (
				6DA4BFE4277EF74B00F61ECC /* LaunchScreen.storyboard in Resources */,
				6DA4BFE1277EF74B00F61ECC /* Assets.xcassets in Resources */,
				6DA4BFDF277EF74900F61ECC /* Main.storyboard in Resources */,
			);
			runOnlyForDeploymentPostprocessing = 0;
		};
/* End PBXResourcesBuildPhase section */

/* Begin PBXShellScriptBuildPhase section */
		02761F760B37CA46DBE8ED8E /* [CP] Embed Pods Frameworks */ = {
			isa = PBXShellScriptBuildPhase;
			buildActionMask = 2147483647;
			files = (
			);
			inputFileListPaths = (
				"${PODS_ROOT}/Target Support Files/Pods-RxSwiftLearnDemo/Pods-RxSwiftLearnDemo-frameworks-${CONFIGURATION}-input-files.xcfilelist",
			);
			name = "[CP] Embed Pods Frameworks";
			outputFileListPaths = (
				"${PODS_ROOT}/Target Support Files/Pods-RxSwiftLearnDemo/Pods-RxSwiftLearnDemo-frameworks-${CONFIGURATION}-output-files.xcfilelist",
			);
			runOnlyForDeploymentPostprocessing = 0;
			shellPath = /bin/sh;
			shellScript = "\"${PODS_ROOT}/Target Support Files/Pods-RxSwiftLearnDemo/Pods-RxSwiftLearnDemo-frameworks.sh\"\n";
			showEnvVarsInLog = 0;
		};
		ABD042E75FC1D8FE02234712 /* [CP] Check Pods Manifest.lock */ = {
			isa = PBXShellScriptBuildPhase;
			buildActionMask = 2147483647;
			files = (
			);
			inputFileListPaths = (
			);
			inputPaths = (
				"${PODS_PODFILE_DIR_PATH}/Podfile.lock",
				"${PODS_ROOT}/Manifest.lock",
			);
			name = "[CP] Check Pods Manifest.lock";
			outputFileListPaths = (
			);
			outputPaths = (
				"$(DERIVED_FILE_DIR)/Pods-RxSwiftLearnDemo-checkManifestLockResult.txt",
			);
			runOnlyForDeploymentPostprocessing = 0;
			shellPath = /bin/sh;
			shellScript = "diff \"${PODS_PODFILE_DIR_PATH}/Podfile.lock\" \"${PODS_ROOT}/Manifest.lock\" > /dev/null\nif [ $? != 0 ] ; then\n    # print error to STDERR\n    echo \"error: The sandbox is not in sync with the Podfile.lock. Run 'pod install' or update your CocoaPods installation.\" >&2\n    exit 1\nfi\n# This output is used by Xcode 'outputs' to avoid re-running this script phase.\necho \"SUCCESS\" > \"${SCRIPT_OUTPUT_FILE_0}\"\n";
			showEnvVarsInLog = 0;
		};
/* End PBXShellScriptBuildPhase section */

/* Begin PBXSourcesBuildPhase section */
		6DA4BFD0277EF74900F61ECC /* Sources */ = {
			isa = PBXSourcesBuildPhase;
			buildActionMask = 2147483647;
			files = (
				6DA4BFDC277EF74900F61ECC /* ViewController.swift in Sources */,
				6DA4BFD8277EF74900F61ECC /* AppDelegate.swift in Sources */,
				6DA4BFDA277EF74900F61ECC /* SceneDelegate.swift in Sources */,
			);
			runOnlyForDeploymentPostprocessing = 0;
		};
/* End PBXSourcesBuildPhase section */

/* Begin PBXVariantGroup section */
		6DA4BFDD277EF74900F61ECC /* Main.storyboard */ = {
			isa = PBXVariantGroup;
			children = (
				6DA4BFDE277EF74900F61ECC /* Base */,
			);
			name = Main.storyboard;
			sourceTree = "<group>";
		};
		6DA4BFE2277EF74B00F61ECC /* LaunchScreen.storyboard */ = {
			isa = PBXVariantGroup;
			children = (
				6DA4BFE3277EF74B00F61ECC /* Base */,
			);
			name = LaunchScreen.storyboard;
			sourceTree = "<group>";
		};
/* End PBXVariantGroup section */

/* Begin XCBuildConfiguration section */
		6DA4BFE6277EF74B00F61ECC /* Debug */ = {
			isa = XCBuildConfiguration;
			buildSettings = {
				ALWAYS_SEARCH_USER_PATHS = NO;
				CLANG_ANALYZER_NONNULL = YES;
				CLANG_ANALYZER_NUMBER_OBJECT_CONVERSION = YES_AGGRESSIVE;
				CLANG_CXX_LANGUAGE_STANDARD = "gnu++17";
				CLANG_CXX_LIBRARY = "libc++";
				CLANG_ENABLE_MODULES = YES;
				CLANG_ENABLE_OBJC_ARC = YES;
				CLANG_ENABLE_OBJC_WEAK = YES;
				CLANG_WARN_BLOCK_CAPTURE_AUTORELEASING = YES;
				CLANG_WARN_BOOL_CONVERSION = YES;
				CLANG_WARN_COMMA = YES;
				CLANG_WARN_CONSTANT_CONVERSION = YES;
				CLANG_WARN_DEPRECATED_OBJC_IMPLEMENTATIONS = YES;
				CLANG_WARN_DIRECT_OBJC_ISA_USAGE = YES_ERROR;
				CLANG_WARN_DOCUMENTATION_COMMENTS = YES;
				CLANG_WARN_EMPTY_BODY = YES;
				CLANG_WARN_ENUM_CONVERSION = YES;
				CLANG_WARN_INFINITE_RECURSION = YES;
				CLANG_WARN_INT_CONVERSION = YES;
				CLANG_WARN_NON_LITERAL_NULL_CONVERSION = YES;
				CLANG_WARN_OBJC_IMPLICIT_RETAIN_SELF = YES;
				CLANG_WARN_OBJC_LITERAL_CONVERSION = YES;
				CLANG_WARN_OBJC_ROOT_CLASS = YES_ERROR;
				CLANG_WARN_QUOTED_INCLUDE_IN_FRAMEWORK_HEADER = YES;
				CLANG_WARN_RANGE_LOOP_ANALYSIS = YES;
				CLANG_WARN_STRICT_PROTOTYPES = YES;
				CLANG_WARN_SUSPICIOUS_MOVE = YES;
				CLANG_WARN_UNGUARDED_AVAILABILITY = YES_AGGRESSIVE;
				CLANG_WARN_UNREACHABLE_CODE = YES;
				CLANG_WARN__DUPLICATE_METHOD_MATCH = YES;
				COPY_PHASE_STRIP = NO;
				DEBUG_INFORMATION_FORMAT = dwarf;
				ENABLE_STRICT_OBJC_MSGSEND = YES;
				ENABLE_TESTABILITY = YES;
				GCC_C_LANGUAGE_STANDARD = gnu11;
				GCC_DYNAMIC_NO_PIC = NO;
				GCC_NO_COMMON_BLOCKS = YES;
				GCC_OPTIMIZATION_LEVEL = 0;
				GCC_PREPROCESSOR_DEFINITIONS = (
					"DEBUG=1",
					"$(inherited)",
				);
				GCC_WARN_64_TO_32_BIT_CONVERSION = YES;
				GCC_WARN_ABOUT_RETURN_TYPE = YES_ERROR;
				GCC_WARN_UNDECLARED_SELECTOR = YES;
				GCC_WARN_UNINITIALIZED_AUTOS = YES_AGGRESSIVE;
				GCC_WARN_UNUSED_FUNCTION = YES;
				GCC_WARN_UNUSED_VARIABLE = YES;
				IPHONEOS_DEPLOYMENT_TARGET = 15.0;
				MTL_ENABLE_DEBUG_INFO = INCLUDE_SOURCE;
				MTL_FAST_MATH = YES;
				ONLY_ACTIVE_ARCH = YES;
				SDKROOT = iphoneos;
				SWIFT_ACTIVE_COMPILATION_CONDITIONS = DEBUG;
				SWIFT_OPTIMIZATION_LEVEL = "-Onone";
			};
			name = Debug;
		};
		6DA4BFE7277EF74B00F61ECC /* Release */ = {
			isa = XCBuildConfiguration;
			buildSettings = {
				ALWAYS_SEARCH_USER_PATHS = NO;
				CLANG_ANALYZER_NONNULL = YES;
				CLANG_ANALYZER_NUMBER_OBJECT_CONVERSION = YES_AGGRESSIVE;
				CLANG_CXX_LANGUAGE_STANDARD = "gnu++17";
				CLANG_CXX_LIBRARY = "libc++";
				CLANG_ENABLE_MODULES = YES;
				CLANG_ENABLE_OBJC_ARC = YES;
				CLANG_ENABLE_OBJC_WEAK = YES;
				CLANG_WARN_BLOCK_CAPTURE_AUTORELEASING = YES;
				CLANG_WARN_BOOL_CONVERSION = YES;
				CLANG_WARN_COMMA = YES;
				CLANG_WARN_CONSTANT_CONVERSION = YES;
				CLANG_WARN_DEPRECATED_OBJC_IMPLEMENTATIONS = YES;
				CLANG_WARN_DIRECT_OBJC_ISA_USAGE = YES_ERROR;
				CLANG_WARN_DOCUMENTATION_COMMENTS = YES;
				CLANG_WARN_EMPTY_BODY = YES;
				CLANG_WARN_ENUM_CONVERSION = YES;
				CLANG_WARN_INFINITE_RECURSION = YES;
				CLANG_WARN_INT_CONVERSION = YES;
				CLANG_WARN_NON_LITERAL_NULL_CONVERSION = YES;
				CLANG_WARN_OBJC_IMPLICIT_RETAIN_SELF = YES;
				CLANG_WARN_OBJC_LITERAL_CONVERSION = YES;
				CLANG_WARN_OBJC_ROOT_CLASS = YES_ERROR;
				CLANG_WARN_QUOTED_INCLUDE_IN_FRAMEWORK_HEADER = YES;
				CLANG_WARN_RANGE_LOOP_ANALYSIS = YES;
				CLANG_WARN_STRICT_PROTOTYPES = YES;
				CLANG_WARN_SUSPICIOUS_MOVE = YES;
				CLANG_WARN_UNGUARDED_AVAILABILITY = YES_AGGRESSIVE;
				CLANG_WARN_UNREACHABLE_CODE = YES;
				CLANG_WARN__DUPLICATE_METHOD_MATCH = YES;
				COPY_PHASE_STRIP = NO;
				DEBUG_INFORMATION_FORMAT = "dwarf-with-dsym";
				ENABLE_NS_ASSERTIONS = NO;
				ENABLE_STRICT_OBJC_MSGSEND = YES;
				GCC_C_LANGUAGE_STANDARD = gnu11;
				GCC_NO_COMMON_BLOCKS = YES;
				GCC_WARN_64_TO_32_BIT_CONVERSION = YES;
				GCC_WARN_ABOUT_RETURN_TYPE = YES_ERROR;
				GCC_WARN_UNDECLARED_SELECTOR = YES;
				GCC_WARN_UNINITIALIZED_AUTOS = YES_AGGRESSIVE;
				GCC_WARN_UNUSED_FUNCTION = YES;
				GCC_WARN_UNUSED_VARIABLE = YES;
				IPHONEOS_DEPLOYMENT_TARGET = 15.0;
				MTL_ENABLE_DEBUG_INFO = NO;
				MTL_FAST_MATH = YES;
				SDKROOT = iphoneos;
				SWIFT_COMPILATION_MODE = wholemodule;
				SWIFT_OPTIMIZATION_LEVEL = "-O";
				VALIDATE_PRODUCT = YES;
			};
			name = Release;
		};
		6DA4BFE9277EF74B00F61ECC /* Debug */ = {
			isa = XCBuildConfiguration;
			baseConfigurationReference = 947E37F84E028C4B8BB0454D /* Pods-RxSwiftLearnDemo.debug.xcconfig */;
			buildSettings = {
				ASSETCATALOG_COMPILER_APPICON_NAME = AppIcon;
				ASSETCATALOG_COMPILER_GLOBAL_ACCENT_COLOR_NAME = AccentColor;
				CODE_SIGN_STYLE = Automatic;
				CURRENT_PROJECT_VERSION = 1;
				DEVELOPMENT_TEAM = WYWTE96EM8;
				GENERATE_INFOPLIST_FILE = YES;
				INFOPLIST_FILE = RxSwiftLearnDemo/Info.plist;
				INFOPLIST_KEY_UIApplicationSupportsIndirectInputEvents = YES;
				INFOPLIST_KEY_UILaunchStoryboardName = LaunchScreen;
				INFOPLIST_KEY_UIMainStoryboardFile = Main;
				INFOPLIST_KEY_UISupportedInterfaceOrientations_iPad = "UIInterfaceOrientationPortrait UIInterfaceOrientationPortraitUpsideDown UIInterfaceOrientationLandscapeLeft UIInterfaceOrientationLandscapeRight";
				INFOPLIST_KEY_UISupportedInterfaceOrientations_iPhone = "UIInterfaceOrientationPortrait UIInterfaceOrientationLandscapeLeft UIInterfaceOrientationLandscapeRight";
				IPHONEOS_DEPLOYMENT_TARGET = 12.0;
				LD_RUNPATH_SEARCH_PATHS = (
					"$(inherited)",
					"@executable_path/Frameworks",
				);
				MARKETING_VERSION = 1.0;
				PRODUCT_BUNDLE_IDENTIFIER = com.wushuang.RxSwiftLearnDemo;
				PRODUCT_NAME = "$(TARGET_NAME)";
				SWIFT_EMIT_LOC_STRINGS = YES;
				SWIFT_VERSION = 5.0;
				TARGETED_DEVICE_FAMILY = "1,2";
			};
			name = Debug;
		};
		6DA4BFEA277EF74B00F61ECC /* Release */ = {
			isa = XCBuildConfiguration;
			baseConfigurationReference = 678083CE65FFDAED4C817AC2 /* Pods-RxSwiftLearnDemo.release.xcconfig */;
			buildSettings = {
				ASSETCATALOG_COMPILER_APPICON_NAME = AppIcon;
				ASSETCATALOG_COMPILER_GLOBAL_ACCENT_COLOR_NAME = AccentColor;
				CODE_SIGN_STYLE = Automatic;
				CURRENT_PROJECT_VERSION = 1;
				DEVELOPMENT_TEAM = WYWTE96EM8;
				GENERATE_INFOPLIST_FILE = YES;
				INFOPLIST_FILE = RxSwiftLearnDemo/Info.plist;
				INFOPLIST_KEY_UIApplicationSupportsIndirectInputEvents = YES;
				INFOPLIST_KEY_UILaunchStoryboardName = LaunchScreen;
				INFOPLIST_KEY_UIMainStoryboardFile = Main;
				INFOPLIST_KEY_UISupportedInterfaceOrientations_iPad = "UIInterfaceOrientationPortrait UIInterfaceOrientationPortraitUpsideDown UIInterfaceOrientationLandscapeLeft UIInterfaceOrientationLandscapeRight";
				INFOPLIST_KEY_UISupportedInterfaceOrientations_iPhone = "UIInterfaceOrientationPortrait UIInterfaceOrientationLandscapeLeft UIInterfaceOrientationLandscapeRight";
				IPHONEOS_DEPLOYMENT_TARGET = 12.0;
				LD_RUNPATH_SEARCH_PATHS = (
					"$(inherited)",
					"@executable_path/Frameworks",
				);
				MARKETING_VERSION = 1.0;
				PRODUCT_BUNDLE_IDENTIFIER = com.wushuang.RxSwiftLearnDemo;
				PRODUCT_NAME = "$(TARGET_NAME)";
				SWIFT_EMIT_LOC_STRINGS = YES;
				SWIFT_VERSION = 5.0;
				TARGETED_DEVICE_FAMILY = "1,2";
			};
			name = Release;
		};
/* End XCBuildConfiguration section */

/* Begin XCConfigurationList section */
		6DA4BFCF277EF74800F61ECC /* Build configuration list for PBXProject "RxSwiftLearnDemo" */ = {
			isa = XCConfigurationList;
			buildConfigurations = (
				6DA4BFE6277EF74B00F61ECC /* Debug */,
				6DA4BFE7277EF74B00F61ECC /* Release */,
			);
			defaultConfigurationIsVisible = 0;
			defaultConfigurationName = Release;
		};
		6DA4BFE8277EF74B00F61ECC /* Build configuration list for PBXNativeTarget "RxSwiftLearnDemo" */ = {
			isa = XCConfigurationList;
			buildConfigurations = (
				6DA4BFE9277EF74B00F61ECC /* Debug */,
				6DA4BFEA277EF74B00F61ECC /* Release */,
			);
			defaultConfigurationIsVisible = 0;
			defaultConfigurationName = Release;
		};
/* End XCConfigurationList section */
	};
	rootObject = 6DA4BFCC277EF74800F61ECC /* Project object */;
}
